<?xml version="1.0" encoding="utf-8"?>
<Project ToolsVersion="4.0" xmlns="http://schemas.microsoft.com/developer/msbuild/2003">
  <ItemGroup>
    <Filter Include="auto">
      <UniqueIdentifier>{66a773c0-be72-48f7-9792-4bceff32c3e6}</UniqueIdentifier>
    </Filter>
    <Filter Include="manual">
      <UniqueIdentifier>{280d48a9-b071-4536-9d2b-d3f142eb4ecc}</UniqueIdentifier>
    </Filter>
  </ItemGroup>
  <ItemGroup>
    <ClCompile Include="..\auto\ruby_cocos2dx_3d_auto.cpp">
      <Filter>auto</Filter>
    </ClCompile>
    <ClCompile Include="..\auto\ruby_cocos2dx_audioengine_auto.cpp">
      <Filter>auto</Filter>
    </ClCompile>
    <ClCompile Include="..\auto\ruby_cocos2dx_auto.cpp">
      <Filter>auto</Filter>
    </ClCompile>
    <ClCompile Include="..\auto\ruby_cocos2dx_experimental_auto.cpp">
      <Filter>auto</Filter>
    </ClCompile>
    <ClCompile Include="..\auto\ruby_cocos2dx_experimental_video_auto.cpp">
      <Filter>auto</Filter>
    </ClCompile>
    <ClCompile Include="..\auto\ruby_cocos2dx_spine_auto.cpp">
      <Filter>auto</Filter>
    </ClCompile>
    <ClCompile Include="..\auto\ruby_cocos2dx_ui_auto.cpp">
      <Filter>auto</Filter>
    </ClCompile>
    <ClCompile Include="..\manual\ruby_global_manual.cpp">
      <Filter>manual</Filter>
    </ClCompile>
    <ClCompile Include="..\manual\RubyBasicConversions.cpp">
      <Filter>manual</Filter>
    </ClCompile>
    <ClCompile Include="..\manual\RubyEngine.cpp">
      <Filter>manual</Filter>
    </ClCompile>
  </ItemGroup>
  <ItemGroup>
    <ClInclude Include="..\auto\ruby_cocos2dx_3d_auto.hpp">
      <Filter>auto</Filter>
    </ClInclude>
    <ClInclude Include="..\auto\ruby_cocos2dx_3d_auto_data_types.h">
      <Filter>auto</Filter>
    </ClInclude>
    <ClInclude Include="..\auto\ruby_cocos2dx_audioengine_auto.hpp">
      <Filter>auto</Filter>
    </ClInclude>
    <ClInclude Include="..\auto\ruby_cocos2dx_audioengine_auto_data_types.h">
      <Filter>auto</Filter>
    </ClInclude>
    <ClInclude Include="..\auto\ruby_cocos2dx_auto.hpp">
      <Filter>auto</Filter>
    </ClInclude>
    <ClInclude Include="..\auto\ruby_cocos2dx_auto_data_types.h">
      <Filter>auto</Filter>
    </ClInclude>
    <ClInclude Include="..\auto\ruby_cocos2dx_experimental_auto.hpp">
      <Filter>auto</Filter>
    </ClInclude>
    <ClInclude Include="..\auto\ruby_cocos2dx_experimental_auto_data_types.h">
      <Filter>auto</Filter>
    </ClInclude>
    <ClInclude Include="..\auto\ruby_cocos2dx_experimental_video_auto.hpp">
      <Filter>auto</Filter>
    </ClInclude>
    <ClInclude Include="..\auto\ruby_cocos2dx_experimental_video_auto_data_types.h">
      <Filter>auto</Filter>
    </ClInclude>
    <ClInclude Include="..\auto\ruby_cocos2dx_spine_auto.hpp">
      <Filter>auto</Filter>
    </ClInclude>
    <ClInclude Include="..\auto\ruby_cocos2dx_spine_auto_data_types.h">
      <Filter>auto</Filter>
    </ClInclude>
    <ClInclude Include="..\auto\ruby_cocos2dx_ui_auto.hpp">
      <Filter>auto</Filter>
    </ClInclude>
    <ClInclude Include="..\auto\ruby_cocos2dx_ui_auto_data_types.h">
      <Filter>auto</Filter>
    </ClInclude>
    <ClInclude Include="..\manual\ruby_global_manual.hpp">
      <Filter>manual</Filter>
    </ClInclude>
    <ClInclude Include="..\manual\RubyBasicConversions.h">
      <Filter>manual</Filter>
    </ClInclude>
    <ClInclude Include="..\manual\RubyEngine.h">
      <Filter>manual</Filter>
    </ClInclude>
  </ItemGroup>
</Project>